// !$*UTF8*$!
{
	archiveVersion = 1;
	classes = {
	};
	objectVersion = 46;
	objects = {

/* Begin PBXBuildFile section */
		5FB99027C7F9E1D450D4FFE3 /* Pods_Weather_Client.framework in Frameworks */ = {isa = PBXBuildFile; fileRef = 63A72B870D7B8A8B178D747C /* Pods_Weather_Client.framework */; };
		95581FD11F5E895500654C3D /* Alamofire.framework in Frameworks */ = {isa = PBXBuildFile; fileRef = 95581FCC1F5E87F200654C3D /* Alamofire.framework */; };
		955A34461F5FB6AA0031B9CF /* no-image.png in Resources */ = {isa = PBXBuildFile; fileRef = 955A34451F5FB6AA0031B9CF /* no-image.png */; };
		955A34481F5FCB5C0031B9CF /* Kingfisher.framework in Frameworks */ = {isa = PBXBuildFile; fileRef = 955A34471F5FCB5C0031B9CF /* Kingfisher.framework */; };
		957696941F62B290002A2754 /* Constants.swift in Sources */ = {isa = PBXBuildFile; fileRef = 957696931F62B290002A2754 /* Constants.swift */; };
		9578B3911F6111F20032F3AE /* MapViewController.swift in Sources */ = {isa = PBXBuildFile; fileRef = 9578B38F1F6111F20032F3AE /* MapViewController.swift */; };
		9578B3921F6111F20032F3AE /* MapViewController.xib in Resources */ = {isa = PBXBuildFile; fileRef = 9578B3901F6111F20032F3AE /* MapViewController.xib */; };
		9578B39D1F6117C10032F3AE /* WeatherViewController.swift in Sources */ = {isa = PBXBuildFile; fileRef = 9578B39B1F6117C10032F3AE /* WeatherViewController.swift */; };
		9578B39E1F6117C10032F3AE /* WeatherViewController.xib in Resources */ = {isa = PBXBuildFile; fileRef = 9578B39C1F6117C10032F3AE /* WeatherViewController.xib */; };
		9578B3A61F6123200032F3AE /* NetworkManager.swift in Sources */ = {isa = PBXBuildFile; fileRef = 9578B3A51F6123200032F3AE /* NetworkManager.swift */; };
		9578B3A81F612A150032F3AE /* Weather.swift in Sources */ = {isa = PBXBuildFile; fileRef = 9578B3A71F612A150032F3AE /* Weather.swift */; };
		9578B3AC1F61B81B0032F3AE /* APIKey.swift in Sources */ = {isa = PBXBuildFile; fileRef = 9578B3AB1F61B81B0032F3AE /* APIKey.swift */; };
		95B5714B1F5D1DF0005D2ED9 /* AppDelegate.swift in Sources */ = {isa = PBXBuildFile; fileRef = 95B5714A1F5D1DF0005D2ED9 /* AppDelegate.swift */; };
		95B571521F5D1DF0005D2ED9 /* Assets.xcassets in Resources */ = {isa = PBXBuildFile; fileRef = 95B571511F5D1DF0005D2ED9 /* Assets.xcassets */; };
		95B571551F5D1DF0005D2ED9 /* LaunchScreen.storyboard in Resources */ = {isa = PBXBuildFile; fileRef = 95B571531F5D1DF0005D2ED9 /* LaunchScreen.storyboard */; };
		95B5715F1F5D2020005D2ED9 /* MapKit.framework in Frameworks */ = {isa = PBXBuildFile; fileRef = 95B5715E1F5D2020005D2ED9 /* MapKit.framework */; };
/* End PBXBuildFile section */

/* Begin PBXFileReference section */
		100E1534B7DD4355CF19648A /* Pods-Weather Client.debug.xcconfig */ = {isa = PBXFileReference; includeInIndex = 1; lastKnownFileType = text.xcconfig; name = "Pods-Weather Client.debug.xcconfig"; path = "Pods/Target Support Files/Pods-Weather Client/Pods-Weather Client.debug.xcconfig"; sourceTree = "<group>"; };
		63A72B870D7B8A8B178D747C /* Pods_Weather_Client.framework */ = {isa = PBXFileReference; explicitFileType = wrapper.framework; includeInIndex = 0; path = Pods_Weather_Client.framework; sourceTree = BUILT_PRODUCTS_DIR; };
		95581FCC1F5E87F200654C3D /* Alamofire.framework */ = {isa = PBXFileReference; lastKnownFileType = wrapper.framework; name = Alamofire.framework; path = "../../../../../Library/Developer/Xcode/DerivedData/Weather_Client-fdwgfmiscqpjnofudrxyegflwfsx/Build/Products/Debug-iphonesimulator/Alamofire/Alamofire.framework"; sourceTree = "<group>"; };
		955A34451F5FB6AA0031B9CF /* no-image.png */ = {isa = PBXFileReference; lastKnownFileType = image.png; path = "no-image.png"; sourceTree = "<group>"; };
		955A34471F5FCB5C0031B9CF /* Kingfisher.framework */ = {isa = PBXFileReference; lastKnownFileType = wrapper.framework; name = Kingfisher.framework; path = "../../../../../Library/Developer/Xcode/DerivedData/Weather_Client-fdwgfmiscqpjnofudrxyegflwfsx/Build/Products/Debug-iphonesimulator/Kingfisher/Kingfisher.framework"; sourceTree = "<group>"; };
		957696931F62B290002A2754 /* Constants.swift */ = {isa = PBXFileReference; fileEncoding = 4; lastKnownFileType = sourcecode.swift; path = Constants.swift; sourceTree = "<group>"; };
		9578B38F1F6111F20032F3AE /* MapViewController.swift */ = {isa = PBXFileReference; fileEncoding = 4; lastKnownFileType = sourcecode.swift; path = MapViewController.swift; sourceTree = "<group>"; };
		9578B3901F6111F20032F3AE /* MapViewController.xib */ = {isa = PBXFileReference; fileEncoding = 4; lastKnownFileType = file.xib; path = MapViewController.xib; sourceTree = "<group>"; };
		9578B39B1F6117C10032F3AE /* WeatherViewController.swift */ = {isa = PBXFileReference; fileEncoding = 4; lastKnownFileType = sourcecode.swift; path = WeatherViewController.swift; sourceTree = "<group>"; };
		9578B39C1F6117C10032F3AE /* WeatherViewController.xib */ = {isa = PBXFileReference; fileEncoding = 4; lastKnownFileType = file.xib; path = WeatherViewController.xib; sourceTree = "<group>"; };
		9578B3A51F6123200032F3AE /* NetworkManager.swift */ = {isa = PBXFileReference; fileEncoding = 4; lastKnownFileType = sourcecode.swift; path = NetworkManager.swift; sourceTree = "<group>"; };
		9578B3A71F612A150032F3AE /* Weather.swift */ = {isa = PBXFileReference; fileEncoding = 4; lastKnownFileType = sourcecode.swift; path = Weather.swift; sourceTree = "<group>"; };
		9578B3AB1F61B81B0032F3AE /* APIKey.swift */ = {isa = PBXFileReference; fileEncoding = 4; lastKnownFileType = sourcecode.swift; path = APIKey.swift; sourceTree = "<group>"; };
		95B571471F5D1DF0005D2ED9 /* Weather Client.app */ = {isa = PBXFileReference; explicitFileType = wrapper.application; includeInIndex = 0; path = "Weather Client.app"; sourceTree = BUILT_PRODUCTS_DIR; };
		95B5714A1F5D1DF0005D2ED9 /* AppDelegate.swift */ = {isa = PBXFileReference; lastKnownFileType = sourcecode.swift; name = AppDelegate.swift; path = "Weather Client/AppDelegate.swift"; sourceTree = "<group>"; };
		95B571511F5D1DF0005D2ED9 /* Assets.xcassets */ = {isa = PBXFileReference; lastKnownFileType = folder.assetcatalog; name = Assets.xcassets; path = "Weather Client/Assets.xcassets"; sourceTree = "<group>"; };
		95B571541F5D1DF0005D2ED9 /* Base */ = {isa = PBXFileReference; lastKnownFileType = file.storyboard; name = Base; path = Base.lproj/LaunchScreen.storyboard; sourceTree = "<group>"; };
		95B571561F5D1DF0005D2ED9 /* Info.plist */ = {isa = PBXFileReference; lastKnownFileType = text.plist.xml; name = Info.plist; path = "Weather Client/Info.plist"; sourceTree = "<group>"; };
		95B5715E1F5D2020005D2ED9 /* MapKit.framework */ = {isa = PBXFileReference; lastKnownFileType = wrapper.framework; name = MapKit.framework; path = System/Library/Frameworks/MapKit.framework; sourceTree = SDKROOT; };
		B56E4C8D6A66E468B12FE38E /* Pods-Weather Client.release.xcconfig */ = {isa = PBXFileReference; includeInIndex = 1; lastKnownFileType = text.xcconfig; name = "Pods-Weather Client.release.xcconfig"; path = "Pods/Target Support Files/Pods-Weather Client/Pods-Weather Client.release.xcconfig"; sourceTree = "<group>"; };
/* End PBXFileReference section */

/* Begin PBXFrameworksBuildPhase section */
		95B571441F5D1DF0005D2ED9 /* Frameworks */ = {
			isa = PBXFrameworksBuildPhase;
			buildActionMask = 2147483647;
			files = (
				955A34481F5FCB5C0031B9CF /* Kingfisher.framework in Frameworks */,
				95581FD11F5E895500654C3D /* Alamofire.framework in Frameworks */,
				95B5715F1F5D2020005D2ED9 /* MapKit.framework in Frameworks */,
				5FB99027C7F9E1D450D4FFE3 /* Pods_Weather_Client.framework in Frameworks */,
			);
			runOnlyForDeploymentPostprocessing = 0;
		};
/* End PBXFrameworksBuildPhase section */

/* Begin PBXGroup section */
		45A945BF37FE25CB2A5FC2E8 /* Pods */ = {
			isa = PBXGroup;
			children = (
				100E1534B7DD4355CF19648A /* Pods-Weather Client.debug.xcconfig */,
				B56E4C8D6A66E468B12FE38E /* Pods-Weather Client.release.xcconfig */,
			);
			name = Pods;
			sourceTree = "<group>";
		};
		95B5713E1F5D1DF0005D2ED9 = {
			isa = PBXGroup;
			children = (
				9578B3AB1F61B81B0032F3AE /* APIKey.swift */,
				955A34451F5FB6AA0031B9CF /* no-image.png */,
				95B5715C1F5D1E03005D2ED9 /* Supporting Files */,
				95B571491F5D1DF0005D2ED9 /* Weather Client */,
				95B571481F5D1DF0005D2ED9 /* Products */,
				95B5715D1F5D201F005D2ED9 /* Frameworks */,
				45A945BF37FE25CB2A5FC2E8 /* Pods */,
			);
			sourceTree = "<group>";
		};
		95B571481F5D1DF0005D2ED9 /* Products */ = {
			isa = PBXGroup;
			children = (
				95B571471F5D1DF0005D2ED9 /* Weather Client.app */,
			);
			name = Products;
			sourceTree = "<group>";
		};
		95B571491F5D1DF0005D2ED9 /* Weather Client */ = {
			isa = PBXGroup;
			children = (
				957696931F62B290002A2754 /* Constants.swift */,
				9578B3A71F612A150032F3AE /* Weather.swift */,
				9578B3A51F6123200032F3AE /* NetworkManager.swift */,
				9578B39B1F6117C10032F3AE /* WeatherViewController.swift */,
				9578B39C1F6117C10032F3AE /* WeatherViewController.xib */,
				9578B38F1F6111F20032F3AE /* MapViewController.swift */,
				9578B3901F6111F20032F3AE /* MapViewController.xib */,
			);
			path = "Weather Client";
			sourceTree = "<group>";
		};
		95B5715C1F5D1E03005D2ED9 /* Supporting Files */ = {
			isa = PBXGroup;
			children = (
				95B5714A1F5D1DF0005D2ED9 /* AppDelegate.swift */,
				95B571511F5D1DF0005D2ED9 /* Assets.xcassets */,
				95B571531F5D1DF0005D2ED9 /* LaunchScreen.storyboard */,
				95B571561F5D1DF0005D2ED9 /* Info.plist */,
			);
			name = "Supporting Files";
			sourceTree = "<group>";
		};
		95B5715D1F5D201F005D2ED9 /* Frameworks */ = {
			isa = PBXGroup;
			children = (
				955A34471F5FCB5C0031B9CF /* Kingfisher.framework */,
				95581FCC1F5E87F200654C3D /* Alamofire.framework */,
				95B5715E1F5D2020005D2ED9 /* MapKit.framework */,
				63A72B870D7B8A8B178D747C /* Pods_Weather_Client.framework */,
			);
			name = Frameworks;
			sourceTree = "<group>";
		};
/* End PBXGroup section */

/* Begin PBXNativeTarget section */
		95B571461F5D1DF0005D2ED9 /* Weather Client */ = {
			isa = PBXNativeTarget;
			buildConfigurationList = 95B571591F5D1DF0005D2ED9 /* Build configuration list for PBXNativeTarget "Weather Client" */;
			buildPhases = (
				B639ECE24040C000BCE79E82 /* [CP] Check Pods Manifest.lock */,
				95B571431F5D1DF0005D2ED9 /* Sources */,
				95B571441F5D1DF0005D2ED9 /* Frameworks */,
				95B571451F5D1DF0005D2ED9 /* Resources */,
				4F06EE26C47B65949D2FC1D7 /* [CP] Embed Pods Frameworks */,
				BE41E588BC0A7ADEBCD4C496 /* [CP] Copy Pods Resources */,
				9516E74A1F6AB5F9006A179A /* ShellScript */,
			);
			buildRules = (
			);
			dependencies = (
			);
			name = "Weather Client";
			productName = "Weather Client";
			productReference = 95B571471F5D1DF0005D2ED9 /* Weather Client.app */;
			productType = "com.apple.product-type.application";
		};
/* End PBXNativeTarget section */

/* Begin PBXProject section */
		95B5713F1F5D1DF0005D2ED9 /* Project object */ = {
			isa = PBXProject;
			attributes = {
				LastSwiftUpdateCheck = 0820;
				LastUpgradeCheck = 0820;
				ORGANIZATIONNAME = anna;
				TargetAttributes = {
					95B571461F5D1DF0005D2ED9 = {
						CreatedOnToolsVersion = 8.2;
						ProvisioningStyle = Automatic;
					};
				};
			};
			buildConfigurationList = 95B571421F5D1DF0005D2ED9 /* Build configuration list for PBXProject "Weather Client" */;
			compatibilityVersion = "Xcode 3.2";
			developmentRegion = English;
			hasScannedForEncodings = 0;
			knownRegions = (
				en,
				Base,
			);
			mainGroup = 95B5713E1F5D1DF0005D2ED9;
			productRefGroup = 95B571481F5D1DF0005D2ED9 /* Products */;
			projectDirPath = "";
			projectRoot = "";
			targets = (
				95B571461F5D1DF0005D2ED9 /* Weather Client */,
			);
		};
/* End PBXProject section */

/* Begin PBXResourcesBuildPhase section */
		95B571451F5D1DF0005D2ED9 /* Resources */ = {
			isa = PBXResourcesBuildPhase;
			buildActionMask = 2147483647;
			files = (
				9578B39E1F6117C10032F3AE /* WeatherViewController.xib in Resources */,
				95B571551F5D1DF0005D2ED9 /* LaunchScreen.storyboard in Resources */,
				95B571521F5D1DF0005D2ED9 /* Assets.xcassets in Resources */,
				955A34461F5FB6AA0031B9CF /* no-image.png in Resources */,
				9578B3921F6111F20032F3AE /* MapViewController.xib in Resources */,
			);
			runOnlyForDeploymentPostprocessing = 0;
		};
/* End PBXResourcesBuildPhase section */

/* Begin PBXShellScriptBuildPhase section */
		4F06EE26C47B65949D2FC1D7 /* [CP] Embed Pods Frameworks */ = {
			isa = PBXShellScriptBuildPhase;
			buildActionMask = 2147483647;
			files = (
			);
			inputPaths = (
				"${SRCROOT}/Pods/Target Support Files/Pods-Weather Client/Pods-Weather Client-frameworks.sh",
				"${BUILT_PRODUCTS_DIR}/Alamofire/Alamofire.framework",
				"${BUILT_PRODUCTS_DIR}/Kingfisher/Kingfisher.framework",
				"${BUILT_PRODUCTS_DIR}/SVProgressHUD/SVProgressHUD.framework",
			);
			name = "[CP] Embed Pods Frameworks";
			outputPaths = (
				"${TARGET_BUILD_DIR}/${FRAMEWORKS_FOLDER_PATH}/Alamofire.framework",
				"${TARGET_BUILD_DIR}/${FRAMEWORKS_FOLDER_PATH}/Kingfisher.framework",
				"${TARGET_BUILD_DIR}/${FRAMEWORKS_FOLDER_PATH}/SVProgressHUD.framework",
			);
			runOnlyForDeploymentPostprocessing = 0;
			shellPath = /bin/sh;
			shellScript = "\"${SRCROOT}/Pods/Target Support Files/Pods-Weather Client/Pods-Weather Client-frameworks.sh\"\n";
			showEnvVarsInLog = 0;
		};
		9516E74A1F6AB5F9006A179A /* ShellScript */ = {
			isa = PBXShellScriptBuildPhase;
			buildActionMask = 2147483647;
			files = (
			);
			inputPaths = (
			);
			outputPaths = (
			);
			runOnlyForDeploymentPostprocessing = 0;
			shellPath = /bin/sh;
			shellScript = "if which swiftlint >/dev/null; then\n    swiftlint\nelse\n    echo \"warning: SwiftLint not installed, download from https://github.com/realm/SwiftLint\"\n    exit 1\nfi";
		};
		B639ECE24040C000BCE79E82 /* [CP] Check Pods Manifest.lock */ = {
			isa = PBXShellScriptBuildPhase;
			buildActionMask = 2147483647;
			files = (
			);
			inputPaths = (
				"${PODS_PODFILE_DIR_PATH}/Podfile.lock",
				"${PODS_ROOT}/Manifest.lock",
			);
			name = "[CP] Check Pods Manifest.lock";
			outputPaths = (
				"$(DERIVED_FILE_DIR)/Pods-Weather Client-checkManifestLockResult.txt",
			);
			runOnlyForDeploymentPostprocessing = 0;
			shellPath = /bin/sh;
			shellScript = "diff \"${PODS_PODFILE_DIR_PATH}/Podfile.lock\" \"${PODS_ROOT}/Manifest.lock\" > /dev/null\nif [ $? != 0 ] ; then\n    # print error to STDERR\n    echo \"error: The sandbox is not in sync with the Podfile.lock. Run 'pod install' or update your CocoaPods installation.\" >&2\n    exit 1\nfi\n# This output is used by Xcode 'outputs' to avoid re-running this script phase.\necho \"SUCCESS\" > \"${SCRIPT_OUTPUT_FILE_0}\"\n";
			showEnvVarsInLog = 0;
		};
		BE41E588BC0A7ADEBCD4C496 /* [CP] Copy Pods Resources */ = {
			isa = PBXShellScriptBuildPhase;
			buildActionMask = 2147483647;
			files = (
			);
			inputPaths = (
			);
			name = "[CP] Copy Pods Resources";
			outputPaths = (
			);
			runOnlyForDeploymentPostprocessing = 0;
			shellPath = /bin/sh;
			shellScript = "\"${SRCROOT}/Pods/Target Support Files/Pods-Weather Client/Pods-Weather Client-resources.sh\"\n";
			showEnvVarsInLog = 0;
		};
/* End PBXShellScriptBuildPhase section */

/* Begin PBXSourcesBuildPhase section */
		95B571431F5D1DF0005D2ED9 /* Sources */ = {
			isa = PBXSourcesBuildPhase;
			buildActionMask = 2147483647;
			files = (
				9578B3A61F6123200032F3AE /* NetworkManager.swift in Sources */,
				95B5714B1F5D1DF0005D2ED9 /* AppDelegate.swift in Sources */,
				9578B39D1F6117C10032F3AE /* WeatherViewController.swift in Sources */,
				9578B3911F6111F20032F3AE /* MapViewController.swift in Sources */,
				957696941F62B290002A2754 /* Constants.swift in Sources */,
				9578B3AC1F61B81B0032F3AE /* APIKey.swift in Sources */,
				9578B3A81F612A150032F3AE /* Weather.swift in Sources */,
			);
			runOnlyForDeploymentPostprocessing = 0;
		};
/* End PBXSourcesBuildPhase section */

/* Begin PBXVariantGroup section */
		95B571531F5D1DF0005D2ED9 /* LaunchScreen.storyboard */ = {
			isa = PBXVariantGroup;
			children = (
				95B571541F5D1DF0005D2ED9 /* Base */,
			);
			name = LaunchScreen.storyboard;
			path = "Weather Client";
			sourceTree = "<group>";
		};
/* End PBXVariantGroup section */

/* Begin XCBuildConfiguration section */
		95B571571F5D1DF0005D2ED9 /* Debug */ = {
			isa = XCBuildConfiguration;
			buildSettings = {
				ALWAYS_SEARCH_USER_PATHS = NO;
				CLANG_ANALYZER_NONNULL = YES;
				CLANG_CXX_LANGUAGE_STANDARD = "gnu++0x";
				CLANG_CXX_LIBRARY = "libc++";
				CLANG_ENABLE_MODULES = YES;
				CLANG_ENABLE_OBJC_ARC = YES;
				CLANG_WARN_BOOL_CONVERSION = YES;
				CLANG_WARN_CONSTANT_CONVERSION = YES;
				CLANG_WARN_DIRECT_OBJC_ISA_USAGE = YES_ERROR;
				CLANG_WARN_DOCUMENTATION_COMMENTS = YES;
				CLANG_WARN_EMPTY_BODY = YES;
				CLANG_WARN_ENUM_CONVERSION = YES;
				CLANG_WARN_INFINITE_RECURSION = YES;
				CLANG_WARN_INT_CONVERSION = YES;
				CLANG_WARN_OBJC_ROOT_CLASS = YES_ERROR;
				CLANG_WARN_SUSPICIOUS_MOVE = YES;
				CLANG_WARN_UNREACHABLE_CODE = YES;
				CLANG_WARN__DUPLICATE_METHOD_MATCH = YES;
				"CODE_SIGN_IDENTITY[sdk=iphoneos*]" = "iPhone Developer";
				COPY_PHASE_STRIP = NO;
				DEBUG_INFORMATION_FORMAT = dwarf;
				ENABLE_STRICT_OBJC_MSGSEND = YES;
				ENABLE_TESTABILITY = YES;
				GCC_C_LANGUAGE_STANDARD = gnu99;
				GCC_DYNAMIC_NO_PIC = NO;
				GCC_NO_COMMON_BLOCKS = YES;
				GCC_OPTIMIZATION_LEVEL = 0;
				GCC_PREPROCESSOR_DEFINITIONS = (
					"DEBUG=1",
					"$(inherited)",
				);
				GCC_WARN_64_TO_32_BIT_CONVERSION = YES;
				GCC_WARN_ABOUT_RETURN_TYPE = YES_ERROR;
				GCC_WARN_UNDECLARED_SELECTOR = YES;
				GCC_WARN_UNINITIALIZED_AUTOS = YES_AGGRESSIVE;
				GCC_WARN_UNUSED_FUNCTION = YES;
				GCC_WARN_UNUSED_VARIABLE = YES;
				IPHONEOS_DEPLOYMENT_TARGET = 10.2;
				MTL_ENABLE_DEBUG_INFO = YES;
				ONLY_ACTIVE_ARCH = YES;
				SDKROOT = iphoneos;
				SWIFT_ACTIVE_COMPILATION_CONDITIONS = DEBUG;
				SWIFT_OPTIMIZATION_LEVEL = "-Onone";
				TARGETED_DEVICE_FAMILY = "1,2";
			};
			name = Debug;
		};
		95B571581F5D1DF0005D2ED9 /* Release */ = {
			isa = XCBuildConfiguration;
			buildSettings = {
				ALWAYS_SEARCH_USER_PATHS = NO;
				CLANG_ANALYZER_NONNULL = YES;
				CLANG_CXX_LANGUAGE_STANDARD = "gnu++0x";
				CLANG_CXX_LIBRARY = "libc++";
				CLANG_ENABLE_MODULES = YES;
				CLANG_ENABLE_OBJC_ARC = YES;
				CLANG_WARN_BOOL_CONVERSION = YES;
				CLANG_WARN_CONSTANT_CONVERSION = YES;
				CLANG_WARN_DIRECT_OBJC_ISA_USAGE = YES_ERROR;
				CLANG_WARN_DOCUMENTATION_COMMENTS = YES;
				CLANG_WARN_EMPTY_BODY = YES;
				CLANG_WARN_ENUM_CONVERSION = YES;
				CLANG_WARN_INFINITE_RECURSION = YES;
				CLANG_WARN_INT_CONVERSION = YES;
				CLANG_WARN_OBJC_ROOT_CLASS = YES_ERROR;
				CLANG_WARN_SUSPICIOUS_MOVE = YES;
				CLANG_WARN_UNREACHABLE_CODE = YES;
				CLANG_WARN__DUPLICATE_METHOD_MATCH = YES;
				"CODE_SIGN_IDENTITY[sdk=iphoneos*]" = "iPhone Developer";
				COPY_PHASE_STRIP = NO;
				DEBUG_INFORMATION_FORMAT = "dwarf-with-dsym";
				ENABLE_NS_ASSERTIONS = NO;
				ENABLE_STRICT_OBJC_MSGSEND = YES;
				GCC_C_LANGUAGE_STANDARD = gnu99;
				GCC_NO_COMMON_BLOCKS = YES;
				GCC_WARN_64_TO_32_BIT_CONVERSION = YES;
				GCC_WARN_ABOUT_RETURN_TYPE = YES_ERROR;
				GCC_WARN_UNDECLARED_SELECTOR = YES;
				GCC_WARN_UNINITIALIZED_AUTOS = YES_AGGRESSIVE;
				GCC_WARN_UNUSED_FUNCTION = YES;
				GCC_WARN_UNUSED_VARIABLE = YES;
				IPHONEOS_DEPLOYMENT_TARGET = 10.2;
				MTL_ENABLE_DEBUG_INFO = NO;
				SDKROOT = iphoneos;
				SWIFT_OPTIMIZATION_LEVEL = "-Owholemodule";
				TARGETED_DEVICE_FAMILY = "1,2";
				VALIDATE_PRODUCT = YES;
			};
			name = Release;
		};
		95B5715A1F5D1DF0005D2ED9 /* Debug */ = {
			isa = XCBuildConfiguration;
			baseConfigurationReference = 100E1534B7DD4355CF19648A /* Pods-Weather Client.debug.xcconfig */;
			buildSettings = {
				ASSETCATALOG_COMPILER_APPICON_NAME = AppIcon;
				INFOPLIST_FILE = "Weather Client/Info.plist";
				LD_RUNPATH_SEARCH_PATHS = "$(inherited) @executable_path/Frameworks";
				PRODUCT_BUNDLE_IDENTIFIER = "com.example.Weather-Client";
				PRODUCT_NAME = "$(TARGET_NAME)";
				SWIFT_VERSION = 3.0;
			};
			name = Debug;
		};
		95B5715B1F5D1DF0005D2ED9 /* Release */ = {
			isa = XCBuildConfiguration;
			baseConfigurationReference = B56E4C8D6A66E468B12FE38E /* Pods-Weather Client.release.xcconfig */;
			buildSettings = {
				ASSETCATALOG_COMPILER_APPICON_NAME = AppIcon;
				INFOPLIST_FILE = "Weather Client/Info.plist";
				LD_RUNPATH_SEARCH_PATHS = "$(inherited) @executable_path/Frameworks";
				PRODUCT_BUNDLE_IDENTIFIER = "com.example.Weather-Client";
				PRODUCT_NAME = "$(TARGET_NAME)";
				SWIFT_VERSION = 3.0;
			};
			name = Release;
		};
/* End XCBuildConfiguration section */

/* Begin XCConfigurationList section */
		95B571421F5D1DF0005D2ED9 /* Build configuration list for PBXProject "Weather Client" */ = {
			isa = XCConfigurationList;
			buildConfigurations = (
				95B571571F5D1DF0005D2ED9 /* Debug */,
				95B571581F5D1DF0005D2ED9 /* Release */,
			);
			defaultConfigurationIsVisible = 0;
			defaultConfigurationName = Release;
		};
		95B571591F5D1DF0005D2ED9 /* Build configuration list for PBXNativeTarget "Weather Client" */ = {
			isa = XCConfigurationList;
			buildConfigurations = (
				95B5715A1F5D1DF0005D2ED9 /* Debug */,
				95B5715B1F5D1DF0005D2ED9 /* Release */,
			);
			defaultConfigurationIsVisible = 0;
			defaultConfigurationName = Release;
		};
/* End XCConfigurationList section */
	};
	rootObject = 95B5713F1F5D1DF0005D2ED9 /* Project object */;
}
